
Microsoft Visual Studio Solution File, Format Version 12.00
# Visual Studio Version 17
VisualStudioVersion = 17.0.31903.59
MinimumVisualStudioVersion = 10.0.40219.1
Project("{FAE04EC0-301F-11D3-BF4B-00C04F79EFBC}") = "PlaywrightReportServer.Api", "PlaywrightReportServer.Api\PlaywrightReportServer.Api.csproj", "{3155C15F-DD5D-45AF-B535-B7E625E6E6E6}"
EndProject
Project("{FAE04EC0-301F-11D3-BF4B-00C04F79EFBC}") = "PlaywrightReportServer.Application", "PlaywrightReportServer.Application\PlaywrightReportServer.Application.csproj", "{053876BF-FB99-4DFC-B1B6-772F075ABE77}"
EndProject
Project("{FAE04EC0-301F-11D3-BF4B-00C04F79EFBC}") = "PlaywrightReportServer.Domain", "PlaywrightReportServer.Domain\PlaywrightReportServer.Domain.csproj", "{B1BBBDE9-72F3-4035-8511-7270FA562CC9}"
EndProject
Project("{FAE04EC0-301F-11D3-BF4B-00C04F79EFBC}") = "PlaywrightReportServer.Infrastructure", "PlaywrightReportServer.Infrastructure\PlaywrightReportServer.Infrastructure.csproj", "{B9E2E138-A784-4C60-ACAA-C6307C90DBDB}"
EndProject
Global
	GlobalSection(SolutionConfigurationPlatforms) = preSolution
		Debug|Any CPU = Debug|Any CPU
		Debug|x64 = Debug|x64
		Debug|x86 = Debug|x86
		Release|Any CPU = Release|Any CPU
		Release|x64 = Release|x64
		Release|x86 = Release|x86
	EndGlobalSection
	GlobalSection(ProjectConfigurationPlatforms) = postSolution
		{3155C15F-DD5D-45AF-B535-B7E625E6E6E6}.Debug|Any CPU.ActiveCfg = Debug|Any CPU
		{3155C15F-DD5D-45AF-B535-B7E625E6E6E6}.Debug|Any CPU.Build.0 = Debug|Any CPU
		{3155C15F-DD5D-45AF-B535-B7E625E6E6E6}.Debug|x64.ActiveCfg = Debug|Any CPU
		{3155C15F-DD5D-45AF-B535-B7E625E6E6E6}.Debug|x64.Build.0 = Debug|Any CPU
		{3155C15F-DD5D-45AF-B535-B7E625E6E6E6}.Debug|x86.ActiveCfg = Debug|Any CPU
		{3155C15F-DD5D-45AF-B535-B7E625E6E6E6}.Debug|x86.Build.0 = Debug|Any CPU
		{3155C15F-DD5D-45AF-B535-B7E625E6E6E6}.Release|Any CPU.ActiveCfg = Release|Any CPU
		{3155C15F-DD5D-45AF-B535-B7E625E6E6E6}.Release|Any CPU.Build.0 = Release|Any CPU
		{3155C15F-DD5D-45AF-B535-B7E625E6E6E6}.Release|x64.ActiveCfg = Release|Any CPU
		{3155C15F-DD5D-45AF-B535-B7E625E6E6E6}.Release|x64.Build.0 = Release|Any CPU
		{3155C15F-DD5D-45AF-B535-B7E625E6E6E6}.Release|x86.ActiveCfg = Release|Any CPU
		{3155C15F-DD5D-45AF-B535-B7E625E6E6E6}.Release|x86.Build.0 = Release|Any CPU
		{053876BF-FB99-4DFC-B1B6-772F075ABE77}.Debug|Any CPU.ActiveCfg = Debug|Any CPU
		{053876BF-FB99-4DFC-B1B6-772F075ABE77}.Debug|Any CPU.Build.0 = Debug|Any CPU
		{053876BF-FB99-4DFC-B1B6-772F075ABE77}.Debug|x64.ActiveCfg = Debug|Any CPU
		{053876BF-FB99-4DFC-B1B6-772F075ABE77}.Debug|x64.Build.0 = Debug|Any CPU
		{053876BF-FB99-4DFC-B1B6-772F075ABE77}.Debug|x86.ActiveCfg = Debug|Any CPU
		{053876BF-FB99-4DFC-B1B6-772F075ABE77}.Debug|x86.Build.0 = Debug|Any CPU
		{053876BF-FB99-4DFC-B1B6-772F075ABE77}.Release|Any CPU.ActiveCfg = Release|Any CPU
		{053876BF-FB99-4DFC-B1B6-772F075ABE77}.Release|Any CPU.Build.0 = Release|Any CPU
		{053876BF-FB99-4DFC-B1B6-772F075ABE77}.Release|x64.ActiveCfg = Release|Any CPU
		{053876BF-FB99-4DFC-B1B6-772F075ABE77}.Release|x64.Build.0 = Release|Any CPU
		{053876BF-FB99-4DFC-B1B6-772F075ABE77}.Release|x86.ActiveCfg = Release|Any CPU
		{053876BF-FB99-4DFC-B1B6-772F075ABE77}.Release|x86.Build.0 = Release|Any CPU
		{B1BBBDE9-72F3-4035-8511-7270FA562CC9}.Debug|Any CPU.ActiveCfg = Debug|Any CPU
		{B1BBBDE9-72F3-4035-8511-7270FA562CC9}.Debug|Any CPU.Build.0 = Debug|Any CPU
		{B1BBBDE9-72F3-4035-8511-7270FA562CC9}.Debug|x64.ActiveCfg = Debug|Any CPU
		{B1BBBDE9-72F3-4035-8511-7270FA562CC9}.Debug|x64.Build.0 = Debug|Any CPU
		{B1BBBDE9-72F3-4035-8511-7270FA562CC9}.Debug|x86.ActiveCfg = Debug|Any CPU
		{B1BBBDE9-72F3-4035-8511-7270FA562CC9}.Debug|x86.Build.0 = Debug|Any CPU
		{B1BBBDE9-72F3-4035-8511-7270FA562CC9}.Release|Any CPU.ActiveCfg = Release|Any CPU
		{B1BBBDE9-72F3-4035-8511-7270FA562CC9}.Release|Any CPU.Build.0 = Release|Any CPU
		{B1BBBDE9-72F3-4035-8511-7270FA562CC9}.Release|x64.ActiveCfg = Release|Any CPU
		{B1BBBDE9-72F3-4035-8511-7270FA562CC9}.Release|x64.Build.0 = Release|Any CPU
		{B1BBBDE9-72F3-4035-8511-7270FA562CC9}.Release|x86.ActiveCfg = Release|Any CPU
		{B1BBBDE9-72F3-4035-8511-7270FA562CC9}.Release|x86.Build.0 = Release|Any CPU
		{B9E2E138-A784-4C60-ACAA-C6307C90DBDB}.Debug|Any CPU.ActiveCfg = Debug|Any CPU
		{B9E2E138-A784-4C60-ACAA-C6307C90DBDB}.Debug|Any CPU.Build.0 = Debug|Any CPU
		{B9E2E138-A784-4C60-ACAA-C6307C90DBDB}.Debug|x64.ActiveCfg = Debug|Any CPU
		{B9E2E138-A784-4C60-ACAA-C6307C90DBDB}.Debug|x64.Build.0 = Debug|Any CPU
		{B9E2E138-A784-4C60-ACAA-C6307C90DBDB}.Debug|x86.ActiveCfg = Debug|Any CPU
		{B9E2E138-A784-4C60-ACAA-C6307C90DBDB}.Debug|x86.Build.0 = Debug|Any CPU
		{B9E2E138-A784-4C60-ACAA-C6307C90DBDB}.Release|Any CPU.ActiveCfg = Release|Any CPU
		{B9E2E138-A784-4C60-ACAA-C6307C90DBDB}.Release|Any CPU.Build.0 = Release|Any CPU
		{B9E2E138-A784-4C60-ACAA-C6307C90DBDB}.Release|x64.ActiveCfg = Release|Any CPU
		{B9E2E138-A784-4C60-ACAA-C6307C90DBDB}.Release|x64.Build.0 = Release|Any CPU
		{B9E2E138-A784-4C60-ACAA-C6307C90DBDB}.Release|x86.ActiveCfg = Release|Any CPU
		{B9E2E138-A784-4C60-ACAA-C6307C90DBDB}.Release|x86.Build.0 = Release|Any CPU
	EndGlobalSection
	GlobalSection(SolutionProperties) = preSolution
		HideSolutionNode = FALSE
	EndGlobalSection
	GlobalSection(NestedProjects) = preSolution
	EndGlobalSection
EndGlobal
